
Microsoft Visual Studio Solution File, Format Version 12.00
# Visual Studio Version 16
VisualStudioVersion = 16.0.31321.278
MinimumVisualStudioVersion = 10.0.40219.1
Project("{FAE04EC0-301F-11D3-BF4B-00C04F79EFBC}") = "Assignment1CAndNSecurity", "Assignment1CAndNSecurity\Assignment1CAndNSecurity.csproj", "{90B97B36-A826-408A-94CD-E2DAFEAB69B8}"
EndProject
Global
	GlobalSection(SolutionConfigurationPlatforms) = preSolution
		Debug|Any CPU = Debug|Any CPU
		Release|Any CPU = Release|Any CPU
	EndGlobalSection
	GlobalSection(ProjectConfigurationPlatforms) = postSolution
		{90B97B36-A826-408A-94CD-E2DAFEAB69B8}.Debug|Any CPU.ActiveCfg = Debug|Any CPU
		{90B97B36-A826-408A-94CD-E2DAFEAB69B8}.Debug|Any CPU.Build.0 = Debug|Any CPU
		{90B97B36-A826-408A-94CD-E2DAFEAB69B8}.Release|Any CPU.ActiveCfg = Release|Any CPU
		{90B97B36-A826-408A-94CD-E2DAFEAB69B8}.Release|Any CPU.Build.0 = Release|Any CPU
	EndGlobalSection
	GlobalSection(SolutionProperties) = preSolution
		HideSolutionNode = FALSE
	EndGlobalSection
	GlobalSection(ExtensibilityGlobals) = postSolution
		SolutionGuid = {37DF3750-3A81-40BC-B8DC-11B4420E7899}
	EndGlobalSection
EndGlobal
